// !$*UTF8*$!
{
	archiveVersion = 1;
	classes = {
	};
	objectVersion = 46;
	objects = {

/* Begin PBXBuildFile section */
		FC3089581CD887D30039FDAF /* AppDelegate.swift in Sources */ = {isa = PBXBuildFile; fileRef = FC3089571CD887D30039FDAF /* AppDelegate.swift */; };
		FC30895A1CD887D30039FDAF /* ViewController.swift in Sources */ = {isa = PBXBuildFile; fileRef = FC3089591CD887D30039FDAF /* ViewController.swift */; };
		FC30895D1CD887D30039FDAF /* Main.storyboard in Resources */ = {isa = PBXBuildFile; fileRef = FC30895B1CD887D30039FDAF /* Main.storyboard */; };
		FC30895F1CD887D30039FDAF /* Assets.xcassets in Resources */ = {isa = PBXBuildFile; fileRef = FC30895E1CD887D30039FDAF /* Assets.xcassets */; };
		FC3089621CD887D30039FDAF /* LaunchScreen.storyboard in Resources */ = {isa = PBXBuildFile; fileRef = FC3089601CD887D30039FDAF /* LaunchScreen.storyboard */; };
/* End PBXBuildFile section */

/* Begin PBXFileReference section */
		FC3089541CD887D30039FDAF /* AminChat.app */ = {isa = PBXFileReference; explicitFileType = wrapper.application; includeInIndex = 0; path = AminChat.app; sourceTree = BUILT_PRODUCTS_DIR; };
		FC3089571CD887D30039FDAF /* AppDelegate.swift */ = {isa = PBXFileReference; lastKnownFileType = sourcecode.swift; path = AppDelegate.swift; sourceTree = "<group>"; };
		FC3089591CD887D30039FDAF /* ViewController.swift */ = {isa = PBXFileReference; lastKnownFileType = sourcecode.swift; path = ViewController.swift; sourceTree = "<group>"; };
		FC30895C1CD887D30039FDAF /* Base */ = {isa = PBXFileReference; lastKnownFileType = file.storyboard; name = Base; path = Base.lproj/Main.storyboard; sourceTree = "<group>"; };
		FC30895E1CD887D30039FDAF /* Assets.xcassets */ = {isa = PBXFileReference; lastKnownFileType = folder.assetcatalog; path = Assets.xcassets; sourceTree = "<group>"; };
		FC3089611CD887D30039FDAF /* Base */ = {isa = PBXFileReference; lastKnownFileType = file.storyboard; name = Base; path = Base.lproj/LaunchScreen.storyboard; sourceTree = "<group>"; };
		FC3089631CD887D30039FDAF /* Info.plist */ = {isa = PBXFileReference; lastKnownFileType = text.plist.xml; path = Info.plist; sourceTree = "<group>"; };
/* End PBXFileReference section */

/* Begin PBXFrameworksBuildPhase section */
		FC3089511CD887D30039FDAF /* Frameworks */ = {
			isa = PBXFrameworksBuildPhase;
			buildActionMask = 2147483647;
			files = (
			);
			runOnlyForDeploymentPostprocessing = 0;
		};
/* End PBXFrameworksBuildPhase section */

/* Begin PBXGroup section */
		FC30894B1CD887D30039FDAF = {
			isa = PBXGroup;
			children = (
				FC3089561CD887D30039FDAF /* AminChat */,
				FC3089551CD887D30039FDAF /* Products */,
			);
			sourceTree = "<group>";
		};
		FC3089551CD887D30039FDAF /* Products */ = {
			isa = PBXGroup;
			children = (
				FC3089541CD887D30039FDAF /* AminChat.app */,
			);
			name = Products;
			sourceTree = "<group>";
		};
		FC3089561CD887D30039FDAF /* AminChat */ = {
			isa = PBXGroup;
			children = (
				FC3089571CD887D30039FDAF /* AppDelegate.swift */,
				FC3089591CD887D30039FDAF /* ViewController.swift */,
				FC30895B1CD887D30039FDAF /* Main.storyboard */,
				FC30895E1CD887D30039FDAF /* Assets.xcassets */,
				FC3089601CD887D30039FDAF /* LaunchScreen.storyboard */,
				FC3089631CD887D30039FDAF /* Info.plist */,
			);
			path = AminChat;
			sourceTree = "<group>";
		};
/* End PBXGroup section */

/* Begin PBXNativeTarget section */
		FC3089531CD887D30039FDAF /* AminChat */ = {
			isa = PBXNativeTarget;
			buildConfigurationList = FC3089661CD887D30039FDAF /* Build configuration list for PBXNativeTarget "AminChat" */;
			buildPhases = (
				FC3089501CD887D30039FDAF /* Sources */,
				FC3089511CD887D30039FDAF /* Frameworks */,
				FC3089521CD887D30039FDAF /* Resources */,
			);
			buildRules = (
			);
			dependencies = (
			);
			name = AminChat;
			productName = AminChat;
			productReference = FC3089541CD887D30039FDAF /* AminChat.app */;
			productType = "com.apple.product-type.application";
		};
/* End PBXNativeTarget section */

/* Begin PBXProject section */
		FC30894C1CD887D30039FDAF /* Project object */ = {
			isa = PBXProject;
			attributes = {
				LastSwiftUpdateCheck = 0720;
				LastUpgradeCheck = 0720;
				ORGANIZATIONNAME = "Amin Benarieb";
				TargetAttributes = {
					FC3089531CD887D30039FDAF = {
						CreatedOnToolsVersion = 7.2.1;
						DevelopmentTeam = 5P8935L6RT;
					};
				};
			};
			buildConfigurationList = FC30894F1CD887D30039FDAF /* Build configuration list for PBXProject "AminChat" */;
			compatibilityVersion = "Xcode 3.2";
			developmentRegion = English;
			hasScannedForEncodings = 0;
			knownRegions = (
				en,
				Base,
			);
			mainGroup = FC30894B1CD887D30039FDAF;
			productRefGroup = FC3089551CD887D30039FDAF /* Products */;
			projectDirPath = "";
			projectRoot = "";
			targets = (
				FC3089531CD887D30039FDAF /* AminChat */,
			);
		};
/* End PBXProject section */

/* Begin PBXResourcesBuildPhase section */
		FC3089521CD887D30039FDAF /* Resources */ = {
			isa = PBXResourcesBuildPhase;
			buildActionMask = 2147483647;
			files = (
				FC3089621CD887D30039FDAF /* LaunchScreen.storyboard in Resources */,
				FC30895F1CD887D30039FDAF /* Assets.xcassets in Resources */,
				FC30895D1CD887D30039FDAF /* Main.storyboard in Resources */,
			);
			runOnlyForDeploymentPostprocessing = 0;
		};
/* End PBXResourcesBuildPhase section */

/* Begin PBXSourcesBuildPhase section */
		FC3089501CD887D30039FDAF /* Sources */ = {
			isa = PBXSourcesBuildPhase;
			buildActionMask = 2147483647;
			files = (
				FC30895A1CD887D30039FDAF /* ViewController.swift in Sources */,
				FC3089581CD887D30039FDAF /* AppDelegate.swift in Sources */,
			);
			runOnlyForDeploymentPostprocessing = 0;
		};
/* End PBXSourcesBuildPhase section */

/* Begin PBXVariantGroup section */
		FC30895B1CD887D30039FDAF /* Main.storyboard */ = {
			isa = PBXVariantGroup;
			children = (
				FC30895C1CD887D30039FDAF /* Base */,
			);
			name = Main.storyboard;
			sourceTree = "<group>";
		};
		FC3089601CD887D30039FDAF /* LaunchScreen.storyboard */ = {
			isa = PBXVariantGroup;
			children = (
				FC3089611CD887D30039FDAF /* Base */,
			);
			name = LaunchScreen.storyboard;
			sourceTree = "<group>";
		};
/* End PBXVariantGroup section */

/* Begin XCBuildConfiguration section */
		FC3089641CD887D30039FDAF /* Debug */ = {
			isa = XCBuildConfiguration;
			buildSettings = {
				ALWAYS_SEARCH_USER_PATHS = NO;
				CLANG_CXX_LANGUAGE_STANDARD = "gnu++0x";
				CLANG_CXX_LIBRARY = "libc++";
				CLANG_ENABLE_MODULES = YES;
				CLANG_ENABLE_OBJC_ARC = YES;
				CLANG_WARN_BOOL_CONVERSION = YES;
				CLANG_WARN_CONSTANT_CONVERSION = YES;
				CLANG_WARN_DIRECT_OBJC_ISA_USAGE = YES_ERROR;
				CLANG_WARN_EMPTY_BODY = YES;
				CLANG_WARN_ENUM_CONVERSION = YES;
				CLANG_WARN_INT_CONVERSION = YES;
				CLANG_WARN_OBJC_ROOT_CLASS = YES_ERROR;
				CLANG_WARN_UNREACHABLE_CODE = YES;
				CLANG_WARN__DUPLICATE_METHOD_MATCH = YES;
				"CODE_SIGN_IDENTITY[sdk=iphoneos*]" = "iPhone Developer";
				COPY_PHASE_STRIP = NO;
				DEBUG_INFORMATION_FORMAT = dwarf;
				ENABLE_STRICT_OBJC_MSGSEND = YES;
				ENABLE_TESTABILITY = YES;
				GCC_C_LANGUAGE_STANDARD = gnu99;
				GCC_DYNAMIC_NO_PIC = NO;
				GCC_NO_COMMON_BLOCKS = YES;
				GCC_OPTIMIZATION_LEVEL = 0;
				GCC_PREPROCESSOR_DEFINITIONS = (
					"DEBUG=1",
					"$(inherited)",
				);
				GCC_WARN_64_TO_32_BIT_CONVERSION = YES;
				GCC_WARN_ABOUT_RETURN_TYPE = YES_ERROR;
				GCC_WARN_UNDECLARED_SELECTOR = YES;
				GCC_WARN_UNINITIALIZED_AUTOS = YES_AGGRESSIVE;
				GCC_WARN_UNUSED_FUNCTION = YES;
				GCC_WARN_UNUSED_VARIABLE = YES;
				IPHONEOS_DEPLOYMENT_TARGET = 7.0;
				MTL_ENABLE_DEBUG_INFO = YES;
				ONLY_ACTIVE_ARCH = YES;
				SDKROOT = iphoneos;
				SWIFT_OPTIMIZATION_LEVEL = "-Onone";
				TARGETED_DEVICE_FAMILY = "1,2";
			};
			name = Debug;
		};
		FC3089651CD887D30039FDAF /* Release */ = {
			isa = XCBuildConfiguration;
			buildSettings = {
				ALWAYS_SEARCH_USER_PATHS = NO;
				CLANG_CXX_LANGUAGE_STANDARD = "gnu++0x";
				CLANG_CXX_LIBRARY = "libc++";
				CLANG_ENABLE_MODULES = YES;
				CLANG_ENABLE_OBJC_ARC = YES;
				CLANG_WARN_BOOL_CONVERSION = YES;
				CLANG_WARN_CONSTANT_CONVERSION = YES;
				CLANG_WARN_DIRECT_OBJC_ISA_USAGE = YES_ERROR;
				CLANG_WARN_EMPTY_BODY = YES;
				CLANG_WARN_ENUM_CONVERSION = YES;
				CLANG_WARN_INT_CONVERSION = YES;
				CLANG_WARN_OBJC_ROOT_CLASS = YES_ERROR;
				CLANG_WARN_UNREACHABLE_CODE = YES;
				CLANG_WARN__DUPLICATE_METHOD_MATCH = YES;
				"CODE_SIGN_IDENTITY[sdk=iphoneos*]" = "iPhone Developer";
				COPY_PHASE_STRIP = NO;
				DEBUG_INFORMATION_FORMAT = "dwarf-with-dsym";
				ENABLE_NS_ASSERTIONS = NO;
				ENABLE_STRICT_OBJC_MSGSEND = YES;
				GCC_C_LANGUAGE_STANDARD = gnu99;
				GCC_NO_COMMON_BLOCKS = YES;
				GCC_WARN_64_TO_32_BIT_CONVERSION = YES;
				GCC_WARN_ABOUT_RETURN_TYPE = YES_ERROR;
				GCC_WARN_UNDECLARED_SELECTOR = YES;
				GCC_WARN_UNINITIALIZED_AUTOS = YES_AGGRESSIVE;
				GCC_WARN_UNUSED_FUNCTION = YES;
				GCC_WARN_UNUSED_VARIABLE = YES;
				IPHONEOS_DEPLOYMENT_TARGET = 7.0;
				MTL_ENABLE_DEBUG_INFO = NO;
				SDKROOT = iphoneos;
				TARGETED_DEVICE_FAMILY = "1,2";
				VALIDATE_PRODUCT = YES;
			};
			name = Release;
		};
		FC3089671CD887D30039FDAF /* Debug */ = {
			isa = XCBuildConfiguration;
			buildSettings = {
				ASSETCATALOG_COMPILER_APPICON_NAME = AppIcon;
				CODE_SIGN_IDENTITY = "iPhone Developer";
				INFOPLIST_FILE = AminChat/Info.plist;
				IPHONEOS_DEPLOYMENT_TARGET = 7.0;
				LD_RUNPATH_SEARCH_PATHS = "$(inherited) @executable_path/Frameworks";
				PRODUCT_BUNDLE_IDENTIFIER = amin.benarieb.AminChat;
				PRODUCT_NAME = "$(TARGET_NAME)";
			};
			name = Debug;
		};
		FC3089681CD887D30039FDAF /* Release */ = {
			isa = XCBuildConfiguration;
			buildSettings = {
				ASSETCATALOG_COMPILER_APPICON_NAME = AppIcon;
				CODE_SIGN_IDENTITY = "iPhone Developer";
				INFOPLIST_FILE = AminChat/Info.plist;
				IPHONEOS_DEPLOYMENT_TARGET = 7.0;
				LD_RUNPATH_SEARCH_PATHS = "$(inherited) @executable_path/Frameworks";
				PRODUCT_BUNDLE_IDENTIFIER = amin.benarieb.AminChat;
				PRODUCT_NAME = "$(TARGET_NAME)";
			};
			name = Release;
		};
/* End XCBuildConfiguration section */

/* Begin XCConfigurationList section */
		FC30894F1CD887D30039FDAF /* Build configuration list for PBXProject "AminChat" */ = {
			isa = XCConfigurationList;
			buildConfigurations = (
				FC3089641CD887D30039FDAF /* Debug */,
				FC3089651CD887D30039FDAF /* Release */,
			);
			defaultConfigurationIsVisible = 0;
			defaultConfigurationName = Release;
		};
		FC3089661CD887D30039FDAF /* Build configuration list for PBXNativeTarget "AminChat" */ = {
			isa = XCConfigurationList;
			buildConfigurations = (
				FC3089671CD887D30039FDAF /* Debug */,
				FC3089681CD887D30039FDAF /* Release */,
			);
			defaultConfigurationIsVisible = 0;
		};
/* End XCConfigurationList section */
	};
	rootObject = FC30894C1CD887D30039FDAF /* Project object */;
}
